
Microsoft Visual Studio Solution File, Format Version 11.00
# Visual Studio 2010
Project("{FAE04EC0-301F-11D3-BF4B-00C04F79EFBC}") = "BeetleProtobuf.Server", "BeetleProtobuf.Server\BeetleProtobuf.Server.csproj", "{4D59A849-A267-4AB0-97FF-CE3E030CC8C8}"
EndProject
Project("{FAE04EC0-301F-11D3-BF4B-00C04F79EFBC}") = "BeetleProtobuf.Client", "BeetleProtobuf.Client\BeetleProtobuf.Client.csproj", "{0ECA573E-C6B8-4F1C-8204-24FBB1E80A1D}"
EndProject
Global
	GlobalSection(SolutionConfigurationPlatforms) = preSolution
		CoreOnly|Any CPU = CoreOnly|Any CPU
		CoreOnly|Mixed Platforms = CoreOnly|Mixed Platforms
		CoreOnly|x86 = CoreOnly|x86
		Debug|Any CPU = Debug|Any CPU
		Debug|Mixed Platforms = Debug|Mixed Platforms
		Debug|x86 = Debug|x86
		iOS|Any CPU = iOS|Any CPU
		iOS|Mixed Platforms = iOS|Mixed Platforms
		iOS|x86 = iOS|x86
		Net20|Any CPU = Net20|Any CPU
		Net20|Mixed Platforms = Net20|Mixed Platforms
		Net20|x86 = Net20|x86
		Profile|Any CPU = Profile|Any CPU
		Profile|Mixed Platforms = Profile|Mixed Platforms
		Profile|x86 = Profile|x86
		Release|Any CPU = Release|Any CPU
		Release|Mixed Platforms = Release|Mixed Platforms
		Release|x86 = Release|x86
		Silverlight2|Any CPU = Silverlight2|Any CPU
		Silverlight2|Mixed Platforms = Silverlight2|Mixed Platforms
		Silverlight2|x86 = Silverlight2|x86
		Unity|Any CPU = Unity|Any CPU
		Unity|Mixed Platforms = Unity|Mixed Platforms
		Unity|x86 = Unity|x86
	EndGlobalSection
	GlobalSection(ProjectConfigurationPlatforms) = postSolution
		{4D59A849-A267-4AB0-97FF-CE3E030CC8C8}.CoreOnly|Any CPU.ActiveCfg = Release|x86
		{4D59A849-A267-4AB0-97FF-CE3E030CC8C8}.CoreOnly|Mixed Platforms.ActiveCfg = Release|x86
		{4D59A849-A267-4AB0-97FF-CE3E030CC8C8}.CoreOnly|Mixed Platforms.Build.0 = Release|x86
		{4D59A849-A267-4AB0-97FF-CE3E030CC8C8}.CoreOnly|x86.ActiveCfg = Release|x86
		{4D59A849-A267-4AB0-97FF-CE3E030CC8C8}.CoreOnly|x86.Build.0 = Release|x86
		{4D59A849-A267-4AB0-97FF-CE3E030CC8C8}.Debug|Any CPU.ActiveCfg = Debug|x86
		{4D59A849-A267-4AB0-97FF-CE3E030CC8C8}.Debug|Mixed Platforms.ActiveCfg = Debug|x86
		{4D59A849-A267-4AB0-97FF-CE3E030CC8C8}.Debug|Mixed Platforms.Build.0 = Debug|x86
		{4D59A849-A267-4AB0-97FF-CE3E030CC8C8}.Debug|x86.ActiveCfg = Debug|x86
		{4D59A849-A267-4AB0-97FF-CE3E030CC8C8}.Debug|x86.Build.0 = Debug|x86
		{4D59A849-A267-4AB0-97FF-CE3E030CC8C8}.iOS|Any CPU.ActiveCfg = Release|x86
		{4D59A849-A267-4AB0-97FF-CE3E030CC8C8}.iOS|Mixed Platforms.ActiveCfg = Release|x86
		{4D59A849-A267-4AB0-97FF-CE3E030CC8C8}.iOS|Mixed Platforms.Build.0 = Release|x86
		{4D59A849-A267-4AB0-97FF-CE3E030CC8C8}.iOS|x86.ActiveCfg = Release|x86
		{4D59A849-A267-4AB0-97FF-CE3E030CC8C8}.iOS|x86.Build.0 = Release|x86
		{4D59A849-A267-4AB0-97FF-CE3E030CC8C8}.Net20|Any CPU.ActiveCfg = Release|x86
		{4D59A849-A267-4AB0-97FF-CE3E030CC8C8}.Net20|Mixed Platforms.ActiveCfg = Release|x86
		{4D59A849-A267-4AB0-97FF-CE3E030CC8C8}.Net20|Mixed Platforms.Build.0 = Release|x86
		{4D59A849-A267-4AB0-97FF-CE3E030CC8C8}.Net20|x86.ActiveCfg = Release|x86
		{4D59A849-A267-4AB0-97FF-CE3E030CC8C8}.Net20|x86.Build.0 = Release|x86
		{4D59A849-A267-4AB0-97FF-CE3E030CC8C8}.Profile|Any CPU.ActiveCfg = Release|x86
		{4D59A849-A267-4AB0-97FF-CE3E030CC8C8}.Profile|Mixed Platforms.ActiveCfg = Release|x86
		{4D59A849-A267-4AB0-97FF-CE3E030CC8C8}.Profile|Mixed Platforms.Build.0 = Release|x86
		{4D59A849-A267-4AB0-97FF-CE3E030CC8C8}.Profile|x86.ActiveCfg = Release|x86
		{4D59A849-A267-4AB0-97FF-CE3E030CC8C8}.Profile|x86.Build.0 = Release|x86
		{4D59A849-A267-4AB0-97FF-CE3E030CC8C8}.Release|Any CPU.ActiveCfg = Release|x86
		{4D59A849-A267-4AB0-97FF-CE3E030CC8C8}.Release|Mixed Platforms.ActiveCfg = Release|x86
		{4D59A849-A267-4AB0-97FF-CE3E030CC8C8}.Release|Mixed Platforms.Build.0 = Release|x86
		{4D59A849-A267-4AB0-97FF-CE3E030CC8C8}.Release|x86.ActiveCfg = Release|x86
		{4D59A849-A267-4AB0-97FF-CE3E030CC8C8}.Release|x86.Build.0 = Release|x86
		{4D59A849-A267-4AB0-97FF-CE3E030CC8C8}.Silverlight2|Any CPU.ActiveCfg = Release|x86
		{4D59A849-A267-4AB0-97FF-CE3E030CC8C8}.Silverlight2|Mixed Platforms.ActiveCfg = Release|x86
		{4D59A849-A267-4AB0-97FF-CE3E030CC8C8}.Silverlight2|Mixed Platforms.Build.0 = Release|x86
		{4D59A849-A267-4AB0-97FF-CE3E030CC8C8}.Silverlight2|x86.ActiveCfg = Release|x86
		{4D59A849-A267-4AB0-97FF-CE3E030CC8C8}.Silverlight2|x86.Build.0 = Release|x86
		{4D59A849-A267-4AB0-97FF-CE3E030CC8C8}.Unity|Any CPU.ActiveCfg = Release|x86
		{4D59A849-A267-4AB0-97FF-CE3E030CC8C8}.Unity|Mixed Platforms.ActiveCfg = Release|x86
		{4D59A849-A267-4AB0-97FF-CE3E030CC8C8}.Unity|Mixed Platforms.Build.0 = Release|x86
		{4D59A849-A267-4AB0-97FF-CE3E030CC8C8}.Unity|x86.ActiveCfg = Release|x86
		{4D59A849-A267-4AB0-97FF-CE3E030CC8C8}.Unity|x86.Build.0 = Release|x86
		{0ECA573E-C6B8-4F1C-8204-24FBB1E80A1D}.CoreOnly|Any CPU.ActiveCfg = Release|x86
		{0ECA573E-C6B8-4F1C-8204-24FBB1E80A1D}.CoreOnly|Mixed Platforms.ActiveCfg = Release|x86
		{0ECA573E-C6B8-4F1C-8204-24FBB1E80A1D}.CoreOnly|Mixed Platforms.Build.0 = Release|x86
		{0ECA573E-C6B8-4F1C-8204-24FBB1E80A1D}.CoreOnly|x86.ActiveCfg = Release|x86
		{0ECA573E-C6B8-4F1C-8204-24FBB1E80A1D}.CoreOnly|x86.Build.0 = Release|x86
		{0ECA573E-C6B8-4F1C-8204-24FBB1E80A1D}.Debug|Any CPU.ActiveCfg = Debug|x86
		{0ECA573E-C6B8-4F1C-8204-24FBB1E80A1D}.Debug|Mixed Platforms.ActiveCfg = Debug|x86
		{0ECA573E-C6B8-4F1C-8204-24FBB1E80A1D}.Debug|Mixed Platforms.Build.0 = Debug|x86
		{0ECA573E-C6B8-4F1C-8204-24FBB1E80A1D}.Debug|x86.ActiveCfg = Debug|x86
		{0ECA573E-C6B8-4F1C-8204-24FBB1E80A1D}.Debug|x86.Build.0 = Debug|x86
		{0ECA573E-C6B8-4F1C-8204-24FBB1E80A1D}.iOS|Any CPU.ActiveCfg = Release|x86
		{0ECA573E-C6B8-4F1C-8204-24FBB1E80A1D}.iOS|Mixed Platforms.ActiveCfg = Release|x86
		{0ECA573E-C6B8-4F1C-8204-24FBB1E80A1D}.iOS|Mixed Platforms.Build.0 = Release|x86
		{0ECA573E-C6B8-4F1C-8204-24FBB1E80A1D}.iOS|x86.ActiveCfg = Release|x86
		{0ECA573E-C6B8-4F1C-8204-24FBB1E80A1D}.iOS|x86.Build.0 = Release|x86
		{0ECA573E-C6B8-4F1C-8204-24FBB1E80A1D}.Net20|Any CPU.ActiveCfg = Release|x86
		{0ECA573E-C6B8-4F1C-8204-24FBB1E80A1D}.Net20|Mixed Platforms.ActiveCfg = Release|x86
		{0ECA573E-C6B8-4F1C-8204-24FBB1E80A1D}.Net20|Mixed Platforms.Build.0 = Release|x86
		{0ECA573E-C6B8-4F1C-8204-24FBB1E80A1D}.Net20|x86.ActiveCfg = Release|x86
		{0ECA573E-C6B8-4F1C-8204-24FBB1E80A1D}.Net20|x86.Build.0 = Release|x86
		{0ECA573E-C6B8-4F1C-8204-24FBB1E80A1D}.Profile|Any CPU.ActiveCfg = Release|x86
		{0ECA573E-C6B8-4F1C-8204-24FBB1E80A1D}.Profile|Mixed Platforms.ActiveCfg = Release|x86
		{0ECA573E-C6B8-4F1C-8204-24FBB1E80A1D}.Profile|Mixed Platforms.Build.0 = Release|x86
		{0ECA573E-C6B8-4F1C-8204-24FBB1E80A1D}.Profile|x86.ActiveCfg = Release|x86
		{0ECA573E-C6B8-4F1C-8204-24FBB1E80A1D}.Profile|x86.Build.0 = Release|x86
		{0ECA573E-C6B8-4F1C-8204-24FBB1E80A1D}.Release|Any CPU.ActiveCfg = Release|x86
		{0ECA573E-C6B8-4F1C-8204-24FBB1E80A1D}.Release|Mixed Platforms.ActiveCfg = Release|x86
		{0ECA573E-C6B8-4F1C-8204-24FBB1E80A1D}.Release|Mixed Platforms.Build.0 = Release|x86
		{0ECA573E-C6B8-4F1C-8204-24FBB1E80A1D}.Release|x86.ActiveCfg = Release|x86
		{0ECA573E-C6B8-4F1C-8204-24FBB1E80A1D}.Release|x86.Build.0 = Release|x86
		{0ECA573E-C6B8-4F1C-8204-24FBB1E80A1D}.Silverlight2|Any CPU.ActiveCfg = Release|x86
		{0ECA573E-C6B8-4F1C-8204-24FBB1E80A1D}.Silverlight2|Mixed Platforms.ActiveCfg = Release|x86
		{0ECA573E-C6B8-4F1C-8204-24FBB1E80A1D}.Silverlight2|Mixed Platforms.Build.0 = Release|x86
		{0ECA573E-C6B8-4F1C-8204-24FBB1E80A1D}.Silverlight2|x86.ActiveCfg = Release|x86
		{0ECA573E-C6B8-4F1C-8204-24FBB1E80A1D}.Silverlight2|x86.Build.0 = Release|x86
		{0ECA573E-C6B8-4F1C-8204-24FBB1E80A1D}.Unity|Any CPU.ActiveCfg = Release|x86
		{0ECA573E-C6B8-4F1C-8204-24FBB1E80A1D}.Unity|Mixed Platforms.ActiveCfg = Release|x86
		{0ECA573E-C6B8-4F1C-8204-24FBB1E80A1D}.Unity|Mixed Platforms.Build.0 = Release|x86
		{0ECA573E-C6B8-4F1C-8204-24FBB1E80A1D}.Unity|x86.ActiveCfg = Release|x86
		{0ECA573E-C6B8-4F1C-8204-24FBB1E80A1D}.Unity|x86.Build.0 = Release|x86
	EndGlobalSection
	GlobalSection(SolutionProperties) = preSolution
		HideSolutionNode = FALSE
	EndGlobalSection
EndGlobal
